github.com/BurntSushi/toml v0.3.1 h1:WXkYYl6Yr3qBf1K79EBnL4mak0OimBfB0XUf9Vl28OQ=
github.com/BurntSushi/toml v0.3.1/go.mod h1:xHWCNGjB5oqiDr8zfno3MHue2Ht5sIBksp03qcyfWMU=
github.com/alexedwards/argon2id v0.0.0-20190612080829-01a59b2b8802 h1:RwMM1q/QSKYIGbHfOkf843hE8sSUJtf1dMwFPtEDmm0=
github.com/alexedwards/argon2id v0.0.0-20190612080829-01a59b2b8802/go.mod h1:4dsm7ufQm1Gwl8S2ss57u+2J7KlxIL2QUmFGlGtWogY=
github.com/boltdb/bolt v1.3.1 h1:JQmyP4ZBrce+ZQu0dY660FMfatumYDLun9hBCUVIkF4=
github.com/boltdb/bolt v1.3.1/go.mod h1:clJnj/oiGkjum5o1McbSZDSLxVThjynRyGBgiAx27Ps=
github.com/d1str0/HPFBroker v0.0.0-20191222034347-a29e94b08a4d h1:+PIjL4rXbyck8YKBWvPWVx0GhbnKd9+CyQvu7QmR820=
github.com/d1str0/HPFBroker v0.0.0-20191222034347-a29e94b08a4d/go.mod h1:UyjwHo9uOdXq9pdfUL1j+i2sDaaPdF97HLpXcqjiXzk=
github.com/d1str0/hpfeeds v0.1.4/go.mod h1:Vz6oY+o+BF++pu8d/Aj9fjeVWMTGQjOIi2Ow/2+kLSY=
github.com/d1str0/hpfeeds v0.1.6 h1:zT6FTvr6sVNgDkF+QMUy5Xzt9OFmNTN7qGbLMm31ZwI=
github.com/d1str0/hpfeeds v0.1.6/go.mod h1:q2zw8+yzZONfUm8x3U6yNBjV+2xq+dkpkujNVWIntNs=
github.com/dgrijalva/jwt-go v1.0.2 h1:KPldsxuKGsS2FPWsNeg9ZO18aCrGKujPoWXn2yo+KQM=
github.com/dgrijalva/jwt-go v3.2.0+incompatible h1:7qlOGliEKZXTDg6OTjfoBKDXWrumCAMpl/TFQ4/5kLM=
github.com/dgrijalva/jwt-go v3.2.0+incompatible/go.mod h1:E3ru+11k8xSBh+hMPgOLZmtrrCbhqsmaPHjLKYnJCaQ=
github.com/gorilla/mux v1.7.3/go.mod h1:1lud6UwP+6orDFRuTfBEV8e9/aOM/c4fVVCaMa2zaAs=
github.com/gorilla/mux v1.7.4 h1:VuZ8uybHlWmqV03+zRzdwKL4tUnIp1MAQtp1mIFE1bc=
github.com/gorilla/mux v1.7.4/go.mod h1:DVbg23sWSpFRCP0SfiEN6jmj59UnW/n46BH5rLB71So=
github.com/mikespook/gorbac v1.0.1 h1:6ynt43k8/cDf6/OCHJWGXlOI4A6Vm4hiVTHnh8QQxuc=
github.com/mikespook/gorbac v2.1.0+incompatible h1:otWotQcs8ehjzn6DBBj+lxRu9QOnE9a3Cp+/EMUpwhg=
github.com/mikespook/gorbac v2.1.0+incompatible/go.mod h1:IZtfzfI4wPQxddP0qrFEzLJxM4BbT7c86I3j8I5rD/8=
go.etcd.io/bbolt v1.3.3 h1:MUGmc65QhB3pIlaQ5bB4LwqSj6GIonVJXpZiaKNyaKk=
go.etcd.io/bbolt v1.3.3/go.mod h1:IbVyRI1SCnLcuJnV2u8VeU0CEYM7e686BmAb1XKL+uU=
golang.org/x/crypto v0.0.0-20190308221718-c2843e01d9a2/go.mod h1:djNgcEr1/C05ACkg1iLfiJU5Ep61QUkGW8qpdssI0+w=
golang.org/x/crypto v0.0.0-20190605123033-f99c8df09eb5 h1:58fnuSXlxZmFdJyvtTFVmVhcMLU6v5fEb/ok4wyqtNU=
golang.org/x/crypto v0.0.0-20190605123033-f99c8df09eb5/go.mod h1:yigFU9vqHzYiE8UmvKecakEJjdnWj3jj499lnFckfCI=
golang.org/x/net v0.0.0-20190404232315-eb5bcb51f2a3/go.mod h1:t9HGtf8HONx5eT2rtn7q6eTqICYqUVnKs3thJo3Qplg=
golang.org/x/sys v0.0.0-20190215142949-d0b11bdaac8a/go.mod h1:STP8DvDyc/dI5b8T5hshtkjS+E42TnysNCUPdjciGhY=
golang.org/x/sys v0.0.0-20190412213103-97732733099d h1:+R4KGOnez64A81RvjARKc4UT5/tI9ujCIVX+P5KiHuI=
golang.org/x/sys v0.0.0-20190412213103-97732733099d/go.mod h1:h1NjWce9XRLGQEsW7wpKNCjG9DtNlClVuFLEZdDNbEs=
golang.org/x/text v0.3.0/go.mod h1:NqM8EUOU14njkJ3fqMW+pc6Ldnwhi/IjpwHt7yyuwOQ=
